
Microsoft Visual Studio Solution File, Format Version 12.00
# Visual Studio Version 17
VisualStudioVersion = 17.8.34330.188
MinimumVisualStudioVersion = 10.0.40219.1
Project("{FAE04EC0-301F-11D3-BF4B-00C04F79EFBC}") = "12A_AMP_1051_STOKTAKİP", "12A_AMP_1051_STOKTAKİP\12A_AMP_1051_STOKTAKİP.csproj", "{933DED02-DD2F-4094-BDB7-C674D1AA5A5F}"
EndProject
Global
	GlobalSection(SolutionConfigurationPlatforms) = preSolution
		Debug|Any CPU = Debug|Any CPU
		Release|Any CPU = Release|Any CPU
	EndGlobalSection
	GlobalSection(ProjectConfigurationPlatforms) = postSolution
		{933DED02-DD2F-4094-BDB7-C674D1AA5A5F}.Debug|Any CPU.ActiveCfg = Debug|Any CPU
		{933DED02-DD2F-4094-BDB7-C674D1AA5A5F}.Debug|Any CPU.Build.0 = Debug|Any CPU
		{933DED02-DD2F-4094-BDB7-C674D1AA5A5F}.Release|Any CPU.ActiveCfg = Release|Any CPU
		{933DED02-DD2F-4094-BDB7-C674D1AA5A5F}.Release|Any CPU.Build.0 = Release|Any CPU
	EndGlobalSection
	GlobalSection(SolutionProperties) = preSolution
		HideSolutionNode = FALSE
	EndGlobalSection
	GlobalSection(ExtensibilityGlobals) = postSolution
		SolutionGuid = {410369D8-7857-4E4A-91A0-DF589E7B8DCF}
	EndGlobalSection
EndGlobal
